{
  "object": {
    "pins": [
      {
        "package": "swift-case-paths",
        "repositoryURL": "https://github.com/pointfreeco/swift-case-paths",
        "state": {
          "branch": null,
          "revision": "b4a872984463070c71e2e97e5c02c73a07d0fe36",
          "version": "0.9.0"
        }
      }
    ]
  },
  "version": 1
}
